
Microsoft Visual Studio Solution File, Format Version 12.00
# Visual Studio Version 17
VisualStudioVersion = 17.0.32112.339
MinimumVisualStudioVersion = 10.0.40219.1
Project("{9A19103F-16F7-4668-BE54-9A1E7A4F7556}") = "OperatorsApp", "OperatorsApp.csproj", "{2A009FAE-7632-4699-A0BD-FBD1D272AB97}"
EndProject
Project("{9A19103F-16F7-4668-BE54-9A1E7A4F7556}") = "OperatorsControlFlowTests", "..\OperatorsControlFlowTests\OperatorsControlFlowTests.csproj", "{758FEF1A-8D5B-47EB-BBD7-5337089BBE8F}"
EndProject
Project("{9A19103F-16F7-4668-BE54-9A1E7A4F7556}") = "Op_CtrlFlow", "..\Operators_ControlFlow_Lab_Starter\Op_CtrlFlow_Lib\Op_CtrlFlow.csproj", "{6480E874-D471-416E-B7AF-66C4DC7FAE0F}"
EndProject
Project("{9A19103F-16F7-4668-BE54-9A1E7A4F7556}") = "Op_CtrlFlow_Tests", "..\Operators_ControlFlow_Lab_Starter\Op_CtrlFlow_Tests\Op_CtrlFlow_Tests.csproj", "{761790ED-7681-442E-97D9-D4BEBA123834}"
EndProject
Global
	GlobalSection(SolutionConfigurationPlatforms) = preSolution
		Debug|Any CPU = Debug|Any CPU
		Release|Any CPU = Release|Any CPU
	EndGlobalSection
	GlobalSection(ProjectConfigurationPlatforms) = postSolution
		{2A009FAE-7632-4699-A0BD-FBD1D272AB97}.Debug|Any CPU.ActiveCfg = Debug|Any CPU
		{2A009FAE-7632-4699-A0BD-FBD1D272AB97}.Debug|Any CPU.Build.0 = Debug|Any CPU
		{2A009FAE-7632-4699-A0BD-FBD1D272AB97}.Release|Any CPU.ActiveCfg = Release|Any CPU
		{2A009FAE-7632-4699-A0BD-FBD1D272AB97}.Release|Any CPU.Build.0 = Release|Any CPU
		{758FEF1A-8D5B-47EB-BBD7-5337089BBE8F}.Debug|Any CPU.ActiveCfg = Debug|Any CPU
		{758FEF1A-8D5B-47EB-BBD7-5337089BBE8F}.Debug|Any CPU.Build.0 = Debug|Any CPU
		{758FEF1A-8D5B-47EB-BBD7-5337089BBE8F}.Release|Any CPU.ActiveCfg = Release|Any CPU
		{758FEF1A-8D5B-47EB-BBD7-5337089BBE8F}.Release|Any CPU.Build.0 = Release|Any CPU
		{6480E874-D471-416E-B7AF-66C4DC7FAE0F}.Debug|Any CPU.ActiveCfg = Debug|Any CPU
		{6480E874-D471-416E-B7AF-66C4DC7FAE0F}.Debug|Any CPU.Build.0 = Debug|Any CPU
		{6480E874-D471-416E-B7AF-66C4DC7FAE0F}.Release|Any CPU.ActiveCfg = Release|Any CPU
		{6480E874-D471-416E-B7AF-66C4DC7FAE0F}.Release|Any CPU.Build.0 = Release|Any CPU
		{761790ED-7681-442E-97D9-D4BEBA123834}.Debug|Any CPU.ActiveCfg = Debug|Any CPU
		{761790ED-7681-442E-97D9-D4BEBA123834}.Debug|Any CPU.Build.0 = Debug|Any CPU
		{761790ED-7681-442E-97D9-D4BEBA123834}.Release|Any CPU.ActiveCfg = Release|Any CPU
		{761790ED-7681-442E-97D9-D4BEBA123834}.Release|Any CPU.Build.0 = Release|Any CPU
	EndGlobalSection
	GlobalSection(SolutionProperties) = preSolution
		HideSolutionNode = FALSE
	EndGlobalSection
	GlobalSection(ExtensibilityGlobals) = postSolution
		SolutionGuid = {66A6E9CA-6BDE-410D-916D-9766E5884F3B}
	EndGlobalSection
EndGlobal
